
Microsoft Visual Studio Solution File, Format Version 12.00
# Visual Studio Version 17
VisualStudioVersion = 17.1.32210.238
MinimumVisualStudioVersion = 10.0.40219.1
Project("{FAE04EC0-301F-11D3-BF4B-00C04F79EFBC}") = "PDFiumNET4", "PDFiumNET4\PDFiumNET4.csproj", "{DF5AFC71-5D1B-437B-AFB9-9C782E8F825F}"
EndProject
Project("{FAE04EC0-301F-11D3-BF4B-00C04F79EFBC}") = "TestPdfToPng", "TestPdfToPng\TestPdfToPng.csproj", "{CA6B98B6-127E-4D13-AFD1-405B260C722C}"
EndProject
Global
	GlobalSection(SolutionConfigurationPlatforms) = preSolution
		Debug|Any CPU = Debug|Any CPU
		Release|Any CPU = Release|Any CPU
	EndGlobalSection
	GlobalSection(ProjectConfigurationPlatforms) = postSolution
		{DF5AFC71-5D1B-437B-AFB9-9C782E8F825F}.Debug|Any CPU.ActiveCfg = Debug|Any CPU
		{DF5AFC71-5D1B-437B-AFB9-9C782E8F825F}.Debug|Any CPU.Build.0 = Debug|Any CPU
		{DF5AFC71-5D1B-437B-AFB9-9C782E8F825F}.Release|Any CPU.ActiveCfg = Release|Any CPU
		{DF5AFC71-5D1B-437B-AFB9-9C782E8F825F}.Release|Any CPU.Build.0 = Release|Any CPU
		{CA6B98B6-127E-4D13-AFD1-405B260C722C}.Debug|Any CPU.ActiveCfg = Debug|Any CPU
		{CA6B98B6-127E-4D13-AFD1-405B260C722C}.Debug|Any CPU.Build.0 = Debug|Any CPU
		{CA6B98B6-127E-4D13-AFD1-405B260C722C}.Release|Any CPU.ActiveCfg = Release|Any CPU
		{CA6B98B6-127E-4D13-AFD1-405B260C722C}.Release|Any CPU.Build.0 = Release|Any CPU
	EndGlobalSection
	GlobalSection(SolutionProperties) = preSolution
		HideSolutionNode = FALSE
	EndGlobalSection
	GlobalSection(ExtensibilityGlobals) = postSolution
		SolutionGuid = {A4CD6140-D466-4B66-846F-58899CC22A3E}
	EndGlobalSection
EndGlobal
